
Microsoft Visual Studio Solution File, Format Version 12.00
# Visual Studio Version 17
VisualStudioVersion = 17.5.002.0
MinimumVisualStudioVersion = 10.0.40219.1
Project("{9A19103F-16F7-4668-BE54-9A1E7A4F7556}") = "src/DPoPFlowDebugger", "src/DPoPFlowDebugger.csproj", "{7C670366-F5B2-47FF-BBC9-AD92FCC4590D}"
EndProject
Global
	GlobalSection(SolutionConfigurationPlatforms) = preSolution
		Debug|Any CPU = Debug|Any CPU
		Release|Any CPU = Release|Any CPU
	EndGlobalSection
	GlobalSection(ProjectConfigurationPlatforms) = postSolution
		{7C670366-F5B2-47FF-BBC9-AD92FCC4590D}.Debug|Any CPU.ActiveCfg = Debug|Any CPU
		{7C670366-F5B2-47FF-BBC9-AD92FCC4590D}.Debug|Any CPU.Build.0 = Debug|Any CPU
		{7C670366-F5B2-47FF-BBC9-AD92FCC4590D}.Release|Any CPU.ActiveCfg = Release|Any CPU
		{7C670366-F5B2-47FF-BBC9-AD92FCC4590D}.Release|Any CPU.Build.0 = Release|Any CPU
	EndGlobalSection
	GlobalSection(SolutionProperties) = preSolution
		HideSolutionNode = FALSE
	EndGlobalSection
	GlobalSection(ExtensibilityGlobals) = postSolution
		SolutionGuid = {5513CD44-755F-4129-8426-B0B2C72CBE7A}
	EndGlobalSection
EndGlobal
